PODS:
  - MBRadioCheckboxButton (2.0)
  - MJRefresh (3.7.2)
  - Toast-Swift (5.0.1)

DEPENDENCIES:
  - MBRadioCheckboxButton (= 2.0)
  - MJRefresh (= 3.7.2)
  - Toast-Swift (= 5.0.1)

SPEC REPOS:
  trunk:
    - MBRadioCheckboxButton
    - MJRefresh
    - Toast-Swift

SPEC CHECKSUMS:
  MBRadioCheckboxButton: 6e2a2cdc441e292e45b64c4e65eb8fc1fc05eef2
  MJRefresh: 30997d30b347c8e9508a4db11e3a690da0c9b85a
  Toast-Swift: 9b6a70f28b3bf0b96c40d46c0c4b9d6639846711

PODFILE CHECKSUM: 7238422368fecd7c21abad0a710f5aeae26cae89

COCOAPODS: 1.11.3
